
Microsoft Visual Studio Solution File, Format Version 12.00
# Visual Studio Version 16
VisualStudioVersion = 16.0.29905.134
MinimumVisualStudioVersion = 10.0.40219.1
Project("{FAE04EC0-301F-11D3-BF4B-00C04F79EFBC}") = "INTERROGAZIONI", "INTERROGAZIONI\INTERROGAZIONI.csproj", "{3AE2476C-E041-478F-B2FF-767EC6723DA9}"
EndProject
Global
	GlobalSection(SolutionConfigurationPlatforms) = preSolution
		Debug|Any CPU = Debug|Any CPU
		Release|Any CPU = Release|Any CPU
	EndGlobalSection
	GlobalSection(ProjectConfigurationPlatforms) = postSolution
		{3AE2476C-E041-478F-B2FF-767EC6723DA9}.Debug|Any CPU.ActiveCfg = Debug|Any CPU
		{3AE2476C-E041-478F-B2FF-767EC6723DA9}.Debug|Any CPU.Build.0 = Debug|Any CPU
		{3AE2476C-E041-478F-B2FF-767EC6723DA9}.Release|Any CPU.ActiveCfg = Release|Any CPU
		{3AE2476C-E041-478F-B2FF-767EC6723DA9}.Release|Any CPU.Build.0 = Release|Any CPU
	EndGlobalSection
	GlobalSection(SolutionProperties) = preSolution
		HideSolutionNode = FALSE
	EndGlobalSection
	GlobalSection(ExtensibilityGlobals) = postSolution
		SolutionGuid = {A301E052-BCB0-476D-A394-00F78A1F0345}
	EndGlobalSection
EndGlobal
