
Microsoft Visual Studio Solution File, Format Version 12.00
# Visual Studio Version 16
VisualStudioVersion = 16.0.29324.140
MinimumVisualStudioVersion = 10.0.40219.1
Project("{FAE04EC0-301F-11D3-BF4B-00C04F79EFBC}") = "Telefonini", "Telefonini\Telefonini.csproj", "{6A9FAE89-39F1-42AE-8E32-4AA085898BF1}"
EndProject
Global
	GlobalSection(SolutionConfigurationPlatforms) = preSolution
		Debug|Any CPU = Debug|Any CPU
		Release|Any CPU = Release|Any CPU
	EndGlobalSection
	GlobalSection(ProjectConfigurationPlatforms) = postSolution
		{6A9FAE89-39F1-42AE-8E32-4AA085898BF1}.Debug|Any CPU.ActiveCfg = Debug|Any CPU
		{6A9FAE89-39F1-42AE-8E32-4AA085898BF1}.Debug|Any CPU.Build.0 = Debug|Any CPU
		{6A9FAE89-39F1-42AE-8E32-4AA085898BF1}.Release|Any CPU.ActiveCfg = Release|Any CPU
		{6A9FAE89-39F1-42AE-8E32-4AA085898BF1}.Release|Any CPU.Build.0 = Release|Any CPU
	EndGlobalSection
	GlobalSection(SolutionProperties) = preSolution
		HideSolutionNode = FALSE
	EndGlobalSection
	GlobalSection(ExtensibilityGlobals) = postSolution
		SolutionGuid = {F3B2AB75-806A-4C8F-BAD2-A910352C3F97}
	EndGlobalSection
EndGlobal
