
Microsoft Visual Studio Solution File, Format Version 12.00
# Visual Studio Version 16
VisualStudioVersion = 16.0.29905.134
MinimumVisualStudioVersion = 10.0.40219.1
Project("{8BC9CEB8-8B4A-11D0-8D11-00A0C91BC942}") = "Matrici_di_spese", "Matrici_di_spese\Matrici_di_spese.vcxproj", "{1994678D-3920-48F6-AAAE-5FD0133E435F}"
EndProject
Global
	GlobalSection(SolutionConfigurationPlatforms) = preSolution
		Debug|x64 = Debug|x64
		Debug|x86 = Debug|x86
		Release|x64 = Release|x64
		Release|x86 = Release|x86
	EndGlobalSection
	GlobalSection(ProjectConfigurationPlatforms) = postSolution
		{1994678D-3920-48F6-AAAE-5FD0133E435F}.Debug|x64.ActiveCfg = Debug|x64
		{1994678D-3920-48F6-AAAE-5FD0133E435F}.Debug|x64.Build.0 = Debug|x64
		{1994678D-3920-48F6-AAAE-5FD0133E435F}.Debug|x86.ActiveCfg = Debug|Win32
		{1994678D-3920-48F6-AAAE-5FD0133E435F}.Debug|x86.Build.0 = Debug|Win32
		{1994678D-3920-48F6-AAAE-5FD0133E435F}.Release|x64.ActiveCfg = Release|x64
		{1994678D-3920-48F6-AAAE-5FD0133E435F}.Release|x64.Build.0 = Release|x64
		{1994678D-3920-48F6-AAAE-5FD0133E435F}.Release|x86.ActiveCfg = Release|Win32
		{1994678D-3920-48F6-AAAE-5FD0133E435F}.Release|x86.Build.0 = Release|Win32
	EndGlobalSection
	GlobalSection(SolutionProperties) = preSolution
		HideSolutionNode = FALSE
	EndGlobalSection
	GlobalSection(ExtensibilityGlobals) = postSolution
		SolutionGuid = {AD8A1BC7-A582-440B-9FFB-405E7AE1EE4F}
	EndGlobalSection
EndGlobal
