
Microsoft Visual Studio Solution File, Format Version 12.00
# Visual Studio Version 17
VisualStudioVersion = 17.0.31808.319
MinimumVisualStudioVersion = 10.0.40219.1
Project("{FAE04EC0-301F-11D3-BF4B-00C04F79EFBC}") = "CLIENT", "CLIENT\CLIENT.csproj", "{BFFA218E-A4E9-43EC-8CD8-3884BEA28727}"
EndProject
Global
	GlobalSection(SolutionConfigurationPlatforms) = preSolution
		Debug|Any CPU = Debug|Any CPU
		Release|Any CPU = Release|Any CPU
	EndGlobalSection
	GlobalSection(ProjectConfigurationPlatforms) = postSolution
		{BFFA218E-A4E9-43EC-8CD8-3884BEA28727}.Debug|Any CPU.ActiveCfg = Debug|Any CPU
		{BFFA218E-A4E9-43EC-8CD8-3884BEA28727}.Debug|Any CPU.Build.0 = Debug|Any CPU
		{BFFA218E-A4E9-43EC-8CD8-3884BEA28727}.Release|Any CPU.ActiveCfg = Release|Any CPU
		{BFFA218E-A4E9-43EC-8CD8-3884BEA28727}.Release|Any CPU.Build.0 = Release|Any CPU
	EndGlobalSection
	GlobalSection(SolutionProperties) = preSolution
		HideSolutionNode = FALSE
	EndGlobalSection
	GlobalSection(ExtensibilityGlobals) = postSolution
		SolutionGuid = {CD5AB021-DA78-404E-9B95-8D137B3279B8}
	EndGlobalSection
EndGlobal
