
Microsoft Visual Studio Solution File, Format Version 12.00
# Visual Studio Version 17
VisualStudioVersion = 17.0.31808.319
MinimumVisualStudioVersion = 10.0.40219.1
Project("{FAE04EC0-301F-11D3-BF4B-00C04F79EFBC}") = "CHAT-TCP", "CHAT-TCP\CHAT-TCP.csproj", "{0A051A17-AA6C-4F20-8E0C-ABAAD553CEBC}"
EndProject
Global
	GlobalSection(SolutionConfigurationPlatforms) = preSolution
		Debug|Any CPU = Debug|Any CPU
		Release|Any CPU = Release|Any CPU
	EndGlobalSection
	GlobalSection(ProjectConfigurationPlatforms) = postSolution
		{0A051A17-AA6C-4F20-8E0C-ABAAD553CEBC}.Debug|Any CPU.ActiveCfg = Debug|Any CPU
		{0A051A17-AA6C-4F20-8E0C-ABAAD553CEBC}.Debug|Any CPU.Build.0 = Debug|Any CPU
		{0A051A17-AA6C-4F20-8E0C-ABAAD553CEBC}.Release|Any CPU.ActiveCfg = Release|Any CPU
		{0A051A17-AA6C-4F20-8E0C-ABAAD553CEBC}.Release|Any CPU.Build.0 = Release|Any CPU
	EndGlobalSection
	GlobalSection(SolutionProperties) = preSolution
		HideSolutionNode = FALSE
	EndGlobalSection
	GlobalSection(ExtensibilityGlobals) = postSolution
		SolutionGuid = {8AEB5E0A-4011-401D-8977-A4AB0290E244}
	EndGlobalSection
EndGlobal
