
Microsoft Visual Studio Solution File, Format Version 12.00
# Visual Studio Version 16
VisualStudioVersion = 16.0.29905.134
MinimumVisualStudioVersion = 10.0.40219.1
Project("{FAE04EC0-301F-11D3-BF4B-00C04F79EFBC}") = "VERIFICA_INFORMATICA_GENNAIO_LUCIDERA_LUCA", "VERIFICA_INFORMATICA_GENNAIO_LUCIDERA_LUCA\VERIFICA_INFORMATICA_GENNAIO_LUCIDERA_LUCA.csproj", "{FCCEF02F-D5F3-4345-9F95-7BA740DCAB9E}"
EndProject
Global
	GlobalSection(SolutionConfigurationPlatforms) = preSolution
		Debug|Any CPU = Debug|Any CPU
		Release|Any CPU = Release|Any CPU
	EndGlobalSection
	GlobalSection(ProjectConfigurationPlatforms) = postSolution
		{FCCEF02F-D5F3-4345-9F95-7BA740DCAB9E}.Debug|Any CPU.ActiveCfg = Debug|Any CPU
		{FCCEF02F-D5F3-4345-9F95-7BA740DCAB9E}.Debug|Any CPU.Build.0 = Debug|Any CPU
		{FCCEF02F-D5F3-4345-9F95-7BA740DCAB9E}.Release|Any CPU.ActiveCfg = Release|Any CPU
		{FCCEF02F-D5F3-4345-9F95-7BA740DCAB9E}.Release|Any CPU.Build.0 = Release|Any CPU
	EndGlobalSection
	GlobalSection(SolutionProperties) = preSolution
		HideSolutionNode = FALSE
	EndGlobalSection
	GlobalSection(ExtensibilityGlobals) = postSolution
		SolutionGuid = {EA5EEA15-C730-4627-8FB2-66F801221ADF}
	EndGlobalSection
EndGlobal
